
Microsoft Visual Studio Solution File, Format Version 12.00
# Visual Studio 15
VisualStudioVersion = 15.0.26730.16
MinimumVisualStudioVersion = 10.0.40219.1
Project("{9A19103F-16F7-4668-BE54-9A1E7A4F7556}") = "Corwords", "Corwords\Corwords.csproj", "{1E1A71B4-FFAB-41B0-AB36-94AEE0416942}"
EndProject
Project("{9A19103F-16F7-4668-BE54-9A1E7A4F7556}") = "Corwords.Tests", "Corwords.Tests\Corwords.Tests.csproj", "{D858F7A9-7DEA-421B-B3D1-ECC4CDD1B05A}"
EndProject
Project("{9A19103F-16F7-4668-BE54-9A1E7A4F7556}") = "WilderMinds.MetaWeblog", "WilderMinds.MetaWeblog\WilderMinds.MetaWeblog.csproj", "{B4CF748E-A956-4759-A61F-50863787B98F}"
EndProject
Project("{9A19103F-16F7-4668-BE54-9A1E7A4F7556}") = "WilderMinds.MetaWeblog.Tests", "WilderMinds.MetaWeblog.Tests\WilderMinds.MetaWeblog.Tests.csproj", "{57D1914F-A4D0-40D3-A5BC-222AC4EDCA24}"
EndProject
Project("{9A19103F-16F7-4668-BE54-9A1E7A4F7556}") = "Corwords.Web", "Corwords.Web\Corwords.Web.csproj", "{D9D29F58-1F17-42A9-86C2-69C196CE5470}"
EndProject
Project("{2150E333-8FDC-42A3-9474-1A3956D46DE8}") = "misc", "misc", "{A98D7CBD-7B68-4DCC-AF30-4EFA8E60B8E4}"
	ProjectSection(SolutionItems) = preProject
		ef-commands.md = ef-commands.md
	EndProjectSection
EndProject
Global
	GlobalSection(SolutionConfigurationPlatforms) = preSolution
		Debug|Any CPU = Debug|Any CPU
		Release|Any CPU = Release|Any CPU
	EndGlobalSection
	GlobalSection(ProjectConfigurationPlatforms) = postSolution
		{1E1A71B4-FFAB-41B0-AB36-94AEE0416942}.Debug|Any CPU.ActiveCfg = Debug|Any CPU
		{1E1A71B4-FFAB-41B0-AB36-94AEE0416942}.Debug|Any CPU.Build.0 = Debug|Any CPU
		{1E1A71B4-FFAB-41B0-AB36-94AEE0416942}.Release|Any CPU.ActiveCfg = Release|Any CPU
		{1E1A71B4-FFAB-41B0-AB36-94AEE0416942}.Release|Any CPU.Build.0 = Release|Any CPU
		{D858F7A9-7DEA-421B-B3D1-ECC4CDD1B05A}.Debug|Any CPU.ActiveCfg = Debug|Any CPU
		{D858F7A9-7DEA-421B-B3D1-ECC4CDD1B05A}.Debug|Any CPU.Build.0 = Debug|Any CPU
		{D858F7A9-7DEA-421B-B3D1-ECC4CDD1B05A}.Release|Any CPU.ActiveCfg = Release|Any CPU
		{D858F7A9-7DEA-421B-B3D1-ECC4CDD1B05A}.Release|Any CPU.Build.0 = Release|Any CPU
		{B4CF748E-A956-4759-A61F-50863787B98F}.Debug|Any CPU.ActiveCfg = Debug|Any CPU
		{B4CF748E-A956-4759-A61F-50863787B98F}.Debug|Any CPU.Build.0 = Debug|Any CPU
		{B4CF748E-A956-4759-A61F-50863787B98F}.Release|Any CPU.ActiveCfg = Release|Any CPU
		{B4CF748E-A956-4759-A61F-50863787B98F}.Release|Any CPU.Build.0 = Release|Any CPU
		{57D1914F-A4D0-40D3-A5BC-222AC4EDCA24}.Debug|Any CPU.ActiveCfg = Debug|Any CPU
		{57D1914F-A4D0-40D3-A5BC-222AC4EDCA24}.Debug|Any CPU.Build.0 = Debug|Any CPU
		{57D1914F-A4D0-40D3-A5BC-222AC4EDCA24}.Release|Any CPU.ActiveCfg = Release|Any CPU
		{57D1914F-A4D0-40D3-A5BC-222AC4EDCA24}.Release|Any CPU.Build.0 = Release|Any CPU
		{D9D29F58-1F17-42A9-86C2-69C196CE5470}.Debug|Any CPU.ActiveCfg = Debug|Any CPU
		{D9D29F58-1F17-42A9-86C2-69C196CE5470}.Debug|Any CPU.Build.0 = Debug|Any CPU
		{D9D29F58-1F17-42A9-86C2-69C196CE5470}.Release|Any CPU.ActiveCfg = Release|Any CPU
		{D9D29F58-1F17-42A9-86C2-69C196CE5470}.Release|Any CPU.Build.0 = Release|Any CPU
	EndGlobalSection
	GlobalSection(SolutionProperties) = preSolution
		HideSolutionNode = FALSE
	EndGlobalSection
	GlobalSection(ExtensibilityGlobals) = postSolution
		SolutionGuid = {AE668C9B-A9C3-4006-B052-3052061344EC}
	EndGlobalSection
EndGlobal
